lockfileVersion: '9.0'

settings:
  autoInstallPeers: true
  excludeLinksFromLockfile: false

importers:

  .:
    dependencies:
      '@fontsource-variable/exo-2':
        specifier: ^5.2.8
        version: 5.2.8
      '@fontsource-variable/inter':
        specifier: ^5.2.8
        version: 5.2.8
      '@fontsource-variable/jetbrains-mono':
        specifier: ^5.2.8
        version: 5.2.8
      '@fontsource-variable/orbitron':
        specifier: ^5.2.8
        version: 5.2.8
      '@fontsource-variable/oswald':
        specifier: ^5.2.8
        version: 5.2.8
      '@fontsource-variable/playfair-display':
        specifier: ^5.2.8
        version: 5.2.8
      '@fontsource/bebas-neue':
        specifier: ^5.2.7
        version: 5.2.7
      '@fontsource/share-tech-mono':
        specifier: ^5.2.7
        version: 5.2.7

packages:

  '@fontsource-variable/exo-2@5.2.8':
    resolution: {integrity: sha512-P3k8XX+RE1E8QA4/EpR0wSmcvenHjYd7NUNbPNH8iUSA9mGDkPVxE6cxOsx7ksRKY1p0R1ExndDNTpzwwLgkVg==}

  '@fontsource-variable/inter@5.2.8':
    resolution: {integrity: sha512-kOfP2D+ykbcX/P3IFnokOhVRNoTozo5/JxhAIVYLpea/UBmCQ/YWPBfWIDuBImXX/15KH+eKh4xpEUyS2sQQGQ==}

  '@fontsource-variable/jetbrains-mono@5.2.8':
    resolution: {integrity: sha512-WBA9elru6Jdp5df2mES55wuOO0WIrn3kpXnI4+W2ek5u3ZgLS9XS4gmIlcQhiZOWEKl95meYdvK7xI+ETLCq/Q==}

  '@fontsource-variable/orbitron@5.2.8':
    resolution: {integrity: sha512-Jazvuj2cgBq663z1j/+JdwH2ztqQ8RaGhJgdHYphFbtfowiFaR74R8UgZl7x1skbXmUMWWH1jXfG7mrYFIYK0A==}

  '@fontsource-variable/oswald@5.2.8':
    resolution: {integrity: sha512-sIXwfKbyHOATgBWOlpR73VMQ8pA8XCToiyy6sL02ZfYEZPpW18TLtpxPBpYXId7xKbWCousOTzlJsa/9rTd8WQ==}

  '@fontsource-variable/playfair-display@5.2.8':
    resolution: {integrity: sha512-ZzVIXPOrL85yyOvZYoBzUszIJM+xKkHqni4IYn2CVLaGQQdJR8sBeC8yFNgjxSJ7ludTwta8qpULeOFuk5X75A==}

  '@fontsource/bebas-neue@5.2.7':
    resolution: {integrity: sha512-DsmBrmq55d9BCU0mt4DT4RZDdH8vhWRKEUOfbuNB1EEjMuwbtFvM8N+3gIlkYSFbsb10P8Q19BV5OdpMu2h0fA==}

  '@fontsource/share-tech-mono@5.2.7':
    resolution: {integrity: sha512-1JBJ6CU9u5av8aFEUOGOJkq60/IEVVOZDCmiU8X3i0skk0Pp69GngDwlBUHaTZa4G6pbF1UDrC+Fm7XSckW6TQ==}

snapshots:

  '@fontsource-variable/exo-2@5.2.8': {}

  '@fontsource-variable/inter@5.2.8': {}

  '@fontsource-variable/jetbrains-mono@5.2.8': {}

  '@fontsource-variable/orbitron@5.2.8': {}

  '@fontsource-variable/oswald@5.2.8': {}

  '@fontsource-variable/playfair-display@5.2.8': {}

  '@fontsource/bebas-neue@5.2.7': {}

  '@fontsource/share-tech-mono@5.2.7': {}
